[[package]]
name = "invoke"
version = "2.0.0"
description = "Pythonic task execution"
category = "main"
optional = false
python-versions = ">=3.6"

[metadata]
lock-version = "1.1"
python-versions = "^3.8"
content-hash = "69e188e24cfa25d6e03a57e25b610844ca289f1f7b123f1d9fce7921a651b3b7"

[metadata.files]
invoke = [
    {file = "invoke-2.0.0-py3-none-any.whl", hash = "sha256:a860582bcf7a4b336fe18ef53937f0f28cec1c0053ffa767c2fcf7ba0b850f59"},
    {file = "invoke-2.0.0.tar.gz", hash = "sha256:7ab5dd9cd76b787d560a78b1a9810d252367ab595985c50612702be21d671dd7"},
]
